# This file was generated by Aiken
# You typically do not need to edit this file

[[requirements]]
name = "aiken-lang/stdlib"
version = "v2"
source = "github"

[[requirements]]
name = "KtorZ/aicone"
version = "a9ae9ef8b6bdb183ea020ea97f6b648f9343924e"
source = "github"

[[requirements]]
name = "KtorZ/tx_util"
version = "48a3e88ff3776f30133f9c3a5852f2b5163ae51e"
source = "github"

[[requirements]]
name = "sidan-lab/vodka"
version = "0.1.16"
source = "github"

[[requirements]]
name = "aiken-lang/fuzz"
version = "v2"
source = "github"

[[packages]]
name = "aiken-lang/stdlib"
version = "v2"
requirements = []
source = "github"

[[packages]]
name = "KtorZ/aicone"
version = "a9ae9ef8b6bdb183ea020ea97f6b648f9343924e"
requirements = []
source = "github"

[[packages]]
name = "KtorZ/tx_util"
version = "48a3e88ff3776f30133f9c3a5852f2b5163ae51e"
requirements = []
source = "github"

[[packages]]
name = "sidan-lab/vodka"
version = "0.1.16"
requirements = []
source = "github"

[[packages]]
name = "aiken-lang/fuzz"
version = "v2"
requirements = []
source = "github"

[etags]
"aiken-lang/fuzz@v2" = [{ secs_since_epoch = 1767298625, nanos_since_epoch = 122014413 }, "9843473958e51725a9274b487d2d4aac0395ec1a2e30f090724fa737226bc127"]
"aiken-lang/stdlib@v2" = [{ secs_since_epoch = 1767298624, nanos_since_epoch = 923906517 }, "6928535a4098118e5f2a30478caf80defeec5e128b4768da88c97399bb563b6d"]
