# This file was generated by Aiken
# You typically do not need to edit this file

[[requirements]]
name = "aiken-lang/stdlib"
version = "97cd61345bcc8925c521b30d0f354859eb0148cd"
source = "github"

[[requirements]]
name = "SundaeSwap-finance/aicone"
version = "faca3e33f1cc7183e2f3801ee56b705883c6832e"
source = "github"

[[requirements]]
name = "aiken-extra/tx_util"
version = "39d4bceebeba6e02ffa72d2a2411487d97d2a738"
source = "github"

[[packages]]
name = "aiken-lang/stdlib"
version = "97cd61345bcc8925c521b30d0f354859eb0148cd"
requirements = []
source = "github"

[[packages]]
name = "SundaeSwap-finance/aicone"
version = "faca3e33f1cc7183e2f3801ee56b705883c6832e"
requirements = []
source = "github"

[[packages]]
name = "aiken-extra/tx_util"
version = "39d4bceebeba6e02ffa72d2a2411487d97d2a738"
requirements = []
source = "github"

[etags]
