# This file was generated by Aiken
# You typically do not need to edit this file

[[requirements]]
name = "aiken-lang/stdlib"
version = "v2.2.0"
source = "github"

[[requirements]]
name = "KtorZ/aicone"
version = "a9ae9ef8b6bdb183ea020ea97f6b648f9343924e"
source = "github"

[[requirements]]
name = "KtorZ/tx_util"
version = "48a3e88ff3776f30133f9c3a5852f2b5163ae51e"
source = "github"

[[requirements]]
name = "aiken-lang/fuzz"
version = "main"
source = "github"

[[packages]]
name = "aiken-lang/stdlib"
version = "v2.2.0"
requirements = []
source = "github"

[[packages]]
name = "KtorZ/aicone"
version = "a9ae9ef8b6bdb183ea020ea97f6b648f9343924e"
requirements = []
source = "github"

[[packages]]
name = "KtorZ/tx_util"
version = "48a3e88ff3776f30133f9c3a5852f2b5163ae51e"
requirements = []
source = "github"

[[packages]]
name = "aiken-lang/fuzz"
version = "main"
requirements = []
source = "github"

[etags]
"aiken-lang/fuzz@main" = [{ secs_since_epoch = 1750785491, nanos_since_epoch = 828291061 }, "3de7f143a94e2c72a866bfff0f2d07d91656c51092ad1843da258a5b3ef9a792"]
