# This file was generated by Aiken
# You typically do not need to edit this file

[[requirements]]
name = "aiken-lang/stdlib"
version = "main"
source = "github"

[[requirements]]
name = "SundaeSwap-finance/aicone"
version = "main"
source = "github"

[[packages]]
name = "aiken-lang/stdlib"
version = "main"
requirements = []
source = "github"

[[packages]]
name = "SundaeSwap-finance/aicone"
version = "main"
requirements = []
source = "github"

[etags]
"SundaeSwap-finance/aicone@main" = [{ secs_since_epoch = 1699323203, nanos_since_epoch = 161613000 }, "9be98e1dccac7e0968bdde05764096b7d1000c828c0fc8683e798da884dab5fd"]
"aiken-lang/stdlib@main" = [{ secs_since_epoch = 1699323202, nanos_since_epoch = 937286000 }, "a721cf2738274f806efefb5a33c6ff9ae049476f0d45a42049b71793949f4d1d"]
