# This file was generated by Aiken
# You typically do not need to edit this file

[[requirements]]
name = "aiken-lang/stdlib"
version = "97cd61345bcc8925c521b30d0f354859eb0148cd"
source = "github"

[[requirements]]
name = "SundaeSwap-finance/aicone"
version = "ae0852d40cc6332437492102451cf331a3c10b0d"
source = "github"

[[packages]]
name = "aiken-lang/stdlib"
version = "97cd61345bcc8925c521b30d0f354859eb0148cd"
requirements = []
source = "github"

[[packages]]
name = "SundaeSwap-finance/aicone"
version = "ae0852d40cc6332437492102451cf331a3c10b0d"
requirements = []
source = "github"

[etags]
